<?xml version="1.0" encoding="utf-8"?>
<Project ToolsVersion="4.0" xmlns="http://schemas.microsoft.com/developer/msbuild/2003">
  <ItemGroup>
    <ClInclude Include="..\..\include\onut.h">
      <Filter>include</Filter>
    </ClInclude>
    <ClInclude Include="..\..\include\Settings.h">
      <Filter>include</Filter>
    </ClInclude>
    <ClInclude Include="..\..\include\SimpleMath.h">
      <Filter>include</Filter>
    </ClInclude>
    <ClInclude Include="..\..\include\Renderer.h">
      <Filter>include</Filter>
    </ClInclude>
    <ClInclude Include="..\..\src\LodePNG.h">
      <Filter>src</Filter>
    </ClInclude>
    <ClInclude Include="..\..\include\Texture.h">
      <Filter>include</Filter>
    </ClInclude>
    <ClInclude Include="..\..\include\SpriteBatch.h">
      <Filter>include</Filter>
    </ClInclude>
    <ClInclude Include="..\..\include\DefineHelpers.h">
      <Filter>include</Filter>
    </ClInclude>
    <ClInclude Include="..\..\include\Typedefs.h">
      <Filter>include</Filter>
    </ClInclude>
    <ClInclude Include="..\..\include\Random.h">
      <Filter>include</Filter>
    </ClInclude>
    <ClInclude Include="..\..\include\BMFont.h">
      <Filter>include</Filter>
    </ClInclude>
    <ClInclude Include="..\..\include\GamePad.h">
      <Filter>include</Filter>
    </ClInclude>
    <ClInclude Include="..\..\include\EventManager.h">
      <Filter>include</Filter>
    </ClInclude>
    <ClInclude Include="..\..\include\TimeInfo.h">
      <Filter>include</Filter>
    </ClInclude>
    <ClInclude Include="..\..\include\Anim.h">
      <Filter>include</Filter>
    </ClInclude>
    <ClInclude Include="..\..\include\ContentManager.h">
      <Filter>include</Filter>
    </ClInclude>
    <ClInclude Include="..\..\src\dirent.h">
      <Filter>src</Filter>
    </ClInclude>
    <ClInclude Include="..\..\include\Sound.h">
      <Filter>include</Filter>
    </ClInclude>
    <ClInclude Include="..\..\src\pch.h">
      <Filter>src\audio</Filter>
    </ClInclude>
    <ClInclude Include="..\..\src\SoundCommon.h">
      <Filter>src\audio</Filter>
    </ClInclude>
    <ClInclude Include="..\..\src\WaveBankReader.h">
      <Filter>src\audio</Filter>
    </ClInclude>
    <ClInclude Include="..\..\src\WAVFileReader.h">
      <Filter>src\audio</Filter>
    </ClInclude>
    <ClInclude Include="..\..\src\Audio.h">
      <Filter>src\audio</Filter>
    </ClInclude>
    <ClInclude Include="..\..\include\TimingUtils.h">
      <Filter>include</Filter>
    </ClInclude>
    <ClInclude Include="..\..\include\Synchronous.h">
      <Filter>include</Filter>
    </ClInclude>
    <ClInclude Include="..\..\include\Asynchronous.h">
      <Filter>include</Filter>
    </ClInclude>
    <ClInclude Include="..\..\include\State.h">
      <Filter>include</Filter>
    </ClInclude>
    <ClInclude Include="..\..\include\UINodeNav.h">
      <Filter>include</Filter>
    </ClInclude>
    <ClInclude Include="..\..\include\Particle.h">
      <Filter>include\pfx</Filter>
    </ClInclude>
    <ClInclude Include="..\..\include\ParticleEmitter.h">
      <Filter>include\pfx</Filter>
    </ClInclude>
    <ClInclude Include="..\..\include\ParticleSystem.h">
      <Filter>include\pfx</Filter>
    </ClInclude>
    <ClInclude Include="..\..\include\ParticleSystemManager.h">
      <Filter>include\pfx</Filter>
    </ClInclude>
    <ClInclude Include="..\..\include\StateManager.h">
      <Filter>include</Filter>
    </ClInclude>
    <ClInclude Include="..\..\include\PrimitiveBatch.h">
      <Filter>include</Filter>
    </ClInclude>
    <ClInclude Include="..\..\src\InputDevice.h">
      <Filter>src\inputs</Filter>
    </ClInclude>
    <ClInclude Include="..\..\include\onutUI.h">
      <Filter>include</Filter>
    </ClInclude>
    <ClInclude Include="..\..\include\Window.h">
      <Filter>include</Filter>
    </ClInclude>
    <ClInclude Include="..\..\include\Input.h">
      <Filter>include</Filter>
    </ClInclude>
    <ClInclude Include="..\..\include\Pool.h">
      <Filter>include</Filter>
    </ClInclude>
    <ClInclude Include="..\..\include\RectUtils.h">
      <Filter>include</Filter>
    </ClInclude>
    <ClInclude Include="..\..\include\ActionManager.h">
      <Filter>include</Filter>
    </ClInclude>
    <ClInclude Include="..\..\include\UI.h">
      <Filter>include\ui</Filter>
    </ClInclude>
    <ClInclude Include="..\..\include\http.h">
      <Filter>include</Filter>
    </ClInclude>
    <ClInclude Include="..\..\include\crypto.h">
      <Filter>include</Filter>
    </ClInclude>
    <ClInclude Include="..\..\include\object.h">
      <Filter>include</Filter>
    </ClInclude>
    <ClInclude Include="..\..\include\RTS.h">
      <Filter>include</Filter>
    </ClInclude>
    <ClInclude Include="..\..\include\TiledMap.h">
      <Filter>include</Filter>
    </ClInclude>
    <ClInclude Include="..\..\include\tinyxml2.h">
      <Filter>include</Filter>
    </ClInclude>
    <ClInclude Include="..\..\src\zlib\crc32.h">
      <Filter>src\zlib</Filter>
    </ClInclude>
    <ClInclude Include="..\..\src\zlib\deflate.h">
      <Filter>src\zlib</Filter>
    </ClInclude>
    <ClInclude Include="..\..\src\zlib\gzguts.h">
      <Filter>src\zlib</Filter>
    </ClInclude>
    <ClInclude Include="..\..\src\zlib\inffast.h">
      <Filter>src\zlib</Filter>
    </ClInclude>
    <ClInclude Include="..\..\src\zlib\inffixed.h">
      <Filter>src\zlib</Filter>
    </ClInclude>
    <ClInclude Include="..\..\src\zlib\inflate.h">
      <Filter>src\zlib</Filter>
    </ClInclude>
    <ClInclude Include="..\..\src\zlib\inftrees.h">
      <Filter>src\zlib</Filter>
    </ClInclude>
    <ClInclude Include="..\..\src\zlib\trees.h">
      <Filter>src\zlib</Filter>
    </ClInclude>
    <ClInclude Include="..\..\src\zlib\zconf.h">
      <Filter>src\zlib</Filter>
    </ClInclude>
    <ClInclude Include="..\..\src\zlib\zlib.h">
      <Filter>src\zlib</Filter>
    </ClInclude>
    <ClInclude Include="..\..\src\zlib\zutil.h">
      <Filter>src\zlib</Filter>
    </ClInclude>
    <ClInclude Include="..\..\include\NavMesh.h">
      <Filter>include</Filter>
    </ClInclude>
    <ClInclude Include="..\..\include\micropather.h">
      <Filter>include</Filter>
    </ClInclude>
    <ClInclude Include="..\..\include\List.h">
      <Filter>include</Filter>
    </ClInclude>
    <ClInclude Include="..\..\include\Music.h">
      <Filter>include</Filter>
    </ClInclude>
    <ClInclude Include="..\..\src\Mp3.h">
      <Filter>src</Filter>
    </ClInclude>
    <ClInclude Include="..\..\include\Log.h">
      <Filter>include</Filter>
    </ClInclude>
    <ClInclude Include="..\..\include\Utils.h">
      <Filter>include</Filter>
    </ClInclude>
    <ClInclude Include="..\..\include\SpriteAnim.h">
      <Filter>include</Filter>
    </ClInclude>
    <ClInclude Include="..\..\include\player.h">
      <Filter>include</Filter>
    </ClInclude>
    <ClInclude Include="..\..\src\MFPlayer.h">
      <Filter>src\player</Filter>
    </ClInclude>
  </ItemGroup>
  <ItemGroup>
    <ClCompile Include="..\..\src\Renderer.cpp">
      <Filter>src</Filter>
    </ClCompile>
    <ClCompile Include="..\..\src\Window.cpp">
      <Filter>src</Filter>
    </ClCompile>
    <ClCompile Include="..\..\src\SimpleMath.cpp">
      <Filter>src</Filter>
    </ClCompile>
    <ClCompile Include="..\..\src\Settings.cpp">
      <Filter>src</Filter>
    </ClCompile>
    <ClCompile Include="..\..\src\onut.cpp">
      <Filter>src</Filter>
    </ClCompile>
    <ClCompile Include="..\..\src\LodePNG.cpp">
      <Filter>src</Filter>
    </ClCompile>
    <ClCompile Include="..\..\src\Texture.cpp">
      <Filter>src</Filter>
    </ClCompile>
    <ClCompile Include="..\..\src\SpriteBatch.cpp">
      <Filter>src</Filter>
    </ClCompile>
    <ClCompile Include="..\..\src\Random.cpp">
      <Filter>src</Filter>
    </ClCompile>
    <ClCompile Include="..\..\src\BMFont.cpp">
      <Filter>src</Filter>
    </ClCompile>
    <ClCompile Include="..\..\src\GamePad.cpp">
      <Filter>src</Filter>
    </ClCompile>
    <ClCompile Include="..\..\src\EventManager.cpp">
      <Filter>src</Filter>
    </ClCompile>
    <ClCompile Include="..\..\src\Anim.cpp">
      <Filter>src</Filter>
    </ClCompile>
    <ClCompile Include="..\..\src\Sound.cpp">
      <Filter>src</Filter>
    </ClCompile>
    <ClCompile Include="..\..\src\SoundCommon.cpp">
      <Filter>src\audio</Filter>
    </ClCompile>
    <ClCompile Include="..\..\src\SoundEffect.cpp">
      <Filter>src\audio</Filter>
    </ClCompile>
    <ClCompile Include="..\..\src\SoundEffectInstance.cpp">
      <Filter>src\audio</Filter>
    </ClCompile>
    <ClCompile Include="..\..\src\WaveBank.cpp">
      <Filter>src\audio</Filter>
    </ClCompile>
    <ClCompile Include="..\..\src\WaveBankReader.cpp">
      <Filter>src\audio</Filter>
    </ClCompile>
    <ClCompile Include="..\..\src\WAVFileReader.cpp">
      <Filter>src\audio</Filter>
    </ClCompile>
    <ClCompile Include="..\..\src\AudioEngine.cpp">
      <Filter>src\audio</Filter>
    </ClCompile>
    <ClCompile Include="..\..\src\DynamicSoundEffectInstance.cpp">
      <Filter>src\audio</Filter>
    </ClCompile>
    <ClCompile Include="..\..\src\DefineHelpers.cpp">
      <Filter>src</Filter>
    </ClCompile>
    <ClCompile Include="..\..\src\ParticleSystemManager.cpp">
      <Filter>src\pfx</Filter>
    </ClCompile>
    <ClCompile Include="..\..\src\Particle.cpp">
      <Filter>src\pfx</Filter>
    </ClCompile>
    <ClCompile Include="..\..\src\ParticleEmitter.cpp">
      <Filter>src\pfx</Filter>
    </ClCompile>
    <ClCompile Include="..\..\src\ParticleSystem.cpp">
      <Filter>src\pfx</Filter>
    </ClCompile>
    <ClCompile Include="..\..\src\PrimitiveBatch.cpp">
      <Filter>src</Filter>
    </ClCompile>
    <ClCompile Include="..\..\src\InputDevice.cpp">
      <Filter>src\inputs</Filter>
    </ClCompile>
    <ClCompile Include="..\..\src\input.cpp">
      <Filter>src\inputs</Filter>
    </ClCompile>
    <ClCompile Include="..\..\src\ActionManager.cpp">
      <Filter>src</Filter>
    </ClCompile>
    <ClCompile Include="..\..\src\UI.cpp">
      <Filter>src\ui</Filter>
    </ClCompile>
    <ClCompile Include="..\..\src\http.cpp">
      <Filter>src</Filter>
    </ClCompile>
    <ClCompile Include="..\..\src\crypto.cpp">
      <Filter>src</Filter>
    </ClCompile>
    <ClCompile Include="..\..\src\object.cpp">
      <Filter>src</Filter>
    </ClCompile>
    <ClCompile Include="..\..\src\RTS.cpp">
      <Filter>src</Filter>
    </ClCompile>
    <ClCompile Include="..\..\src\TiledMap.cpp">
      <Filter>src</Filter>
    </ClCompile>
    <ClCompile Include="..\..\src\tinyxml2.cpp">
      <Filter>src</Filter>
    </ClCompile>
    <ClCompile Include="..\..\src\zlib\gzlib.c">
      <Filter>src\zlib</Filter>
    </ClCompile>
    <ClCompile Include="..\..\src\zlib\gzread.c">
      <Filter>src\zlib</Filter>
    </ClCompile>
    <ClCompile Include="..\..\src\zlib\gzwrite.c">
      <Filter>src\zlib</Filter>
    </ClCompile>
    <ClCompile Include="..\..\src\zlib\infback.c">
      <Filter>src\zlib</Filter>
    </ClCompile>
    <ClCompile Include="..\..\src\zlib\inffast.c">
      <Filter>src\zlib</Filter>
    </ClCompile>
    <ClCompile Include="..\..\src\zlib\inflate.c">
      <Filter>src\zlib</Filter>
    </ClCompile>
    <ClCompile Include="..\..\src\zlib\inftrees.c">
      <Filter>src\zlib</Filter>
    </ClCompile>
    <ClCompile Include="..\..\src\zlib\trees.c">
      <Filter>src\zlib</Filter>
    </ClCompile>
    <ClCompile Include="..\..\src\zlib\uncompr.c">
      <Filter>src\zlib</Filter>
    </ClCompile>
    <ClCompile Include="..\..\src\zlib\zutil.c">
      <Filter>src\zlib</Filter>
    </ClCompile>
    <ClCompile Include="..\..\src\zlib\adler32.c">
      <Filter>src\zlib</Filter>
    </ClCompile>
    <ClCompile Include="..\..\src\zlib\compress.c">
      <Filter>src\zlib</Filter>
    </ClCompile>
    <ClCompile Include="..\..\src\zlib\crc32.c">
      <Filter>src\zlib</Filter>
    </ClCompile>
    <ClCompile Include="..\..\src\zlib\deflate.c">
      <Filter>src\zlib</Filter>
    </ClCompile>
    <ClCompile Include="..\..\src\zlib\gzclose.c">
      <Filter>src\zlib</Filter>
    </ClCompile>
    <ClCompile Include="..\..\src\NavMesh.cpp">
      <Filter>src</Filter>
    </ClCompile>
    <ClCompile Include="..\..\src\micropather.cpp">
      <Filter>src</Filter>
    </ClCompile>
    <ClCompile Include="..\..\src\Music.cpp">
      <Filter>src</Filter>
    </ClCompile>
    <ClCompile Include="..\..\src\Mp3.cpp">
      <Filter>src</Filter>
    </ClCompile>
    <ClCompile Include="..\..\src\Log.cpp">
      <Filter>src</Filter>
    </ClCompile>
    <ClCompile Include="..\..\src\Utils.cpp">
      <Filter>src</Filter>
    </ClCompile>
    <ClCompile Include="..\..\src\SpriteAnim.cpp">
      <Filter>src</Filter>
    </ClCompile>
    <ClCompile Include="..\..\src\player.cpp">
      <Filter>src\player</Filter>
    </ClCompile>
    <ClCompile Include="..\..\src\MFPlayer.cpp">
      <Filter>src\player</Filter>
    </ClCompile>
  </ItemGroup>
  <ItemGroup>
    <Filter Include="include">
      <UniqueIdentifier>{88933ea7-d6b7-4f5d-b3f9-73a4224ab68d}</UniqueIdentifier>
    </Filter>
    <Filter Include="src">
      <UniqueIdentifier>{f147408f-9c92-4c54-bcfd-bd3c26c0fc93}</UniqueIdentifier>
    </Filter>
    <Filter Include="src\audio">
      <UniqueIdentifier>{0fcd117a-dc6b-4505-b51e-c00eb77824fb}</UniqueIdentifier>
    </Filter>
    <Filter Include="src\pfx">
      <UniqueIdentifier>{585ba85f-7496-4400-83bb-311318829c75}</UniqueIdentifier>
    </Filter>
    <Filter Include="include\pfx">
      <UniqueIdentifier>{72eb4524-2055-4bee-9ce6-02a211075131}</UniqueIdentifier>
    </Filter>
    <Filter Include="src\inputs">
      <UniqueIdentifier>{81486c28-1ce5-416d-b670-dd865837256d}</UniqueIdentifier>
    </Filter>
    <Filter Include="src\ui">
      <UniqueIdentifier>{30c4f50d-4aa2-49fe-a815-37d990d2e7a6}</UniqueIdentifier>
    </Filter>
    <Filter Include="include\ui">
      <UniqueIdentifier>{c5b83f90-f5da-450a-b71d-24e89f15fcd8}</UniqueIdentifier>
    </Filter>
    <Filter Include="src\zlib">
      <UniqueIdentifier>{f490e9c5-e976-4386-a9e2-78c2d22bc76f}</UniqueIdentifier>
    </Filter>
    <Filter Include="src\shaders">
      <UniqueIdentifier>{b83d01a0-51e8-4be2-b5ee-673cd64f3207}</UniqueIdentifier>
    </Filter>
    <Filter Include="src\player">
      <UniqueIdentifier>{d7b7008c-d864-461a-a895-d340743846e1}</UniqueIdentifier>
    </Filter>
  </ItemGroup>
  <ItemGroup>
    <FxCompile Include="..\..\src\crt.hlsl">
      <Filter>src\shaders</Filter>
    </FxCompile>
    <FxCompile Include="..\..\src\sepia.hlsl">
      <Filter>src\shaders</Filter>
    </FxCompile>
    <FxCompile Include="..\..\src\cartoon.hlsl">
      <Filter>src\shaders</Filter>
    </FxCompile>
    <FxCompile Include="..\..\src\vignette.hlsl">
      <Filter>src\shaders</Filter>
    </FxCompile>
  </ItemGroup>
</Project>