<?xml version="1.0" encoding="utf-8"?>
<Project ToolsVersion="4.0" xmlns="http://schemas.microsoft.com/developer/msbuild/2003">
  <ItemGroup>
    <ClInclude Include="..\..\include\onut.h">
      <Filter>include</Filter>
    </ClInclude>
    <ClInclude Include="..\..\src\Window.h">
      <Filter>src</Filter>
    </ClInclude>
    <ClInclude Include="..\..\include\Settings.h">
      <Filter>include</Filter>
    </ClInclude>
    <ClInclude Include="..\..\include\SimpleMath.h">
      <Filter>include</Filter>
    </ClInclude>
    <ClInclude Include="..\..\include\Renderer.h">
      <Filter>include</Filter>
    </ClInclude>
    <ClInclude Include="..\..\include\StringUtils.h">
      <Filter>include</Filter>
    </ClInclude>
    <ClInclude Include="..\..\src\LodePNG.h">
      <Filter>src</Filter>
    </ClInclude>
    <ClInclude Include="..\..\include\Texture.h">
      <Filter>include</Filter>
    </ClInclude>
    <ClInclude Include="..\..\include\SpriteBatch.h">
      <Filter>include</Filter>
    </ClInclude>
    <ClInclude Include="..\..\include\DefineHelpers.h">
      <Filter>include</Filter>
    </ClInclude>
    <ClInclude Include="..\..\include\Typedefs.h">
      <Filter>include</Filter>
    </ClInclude>
    <ClInclude Include="..\..\include\Random.h">
      <Filter>include</Filter>
    </ClInclude>
    <ClInclude Include="..\..\include\BMFont.h">
      <Filter>include</Filter>
    </ClInclude>
    <ClInclude Include="..\..\include\GamePad.h">
      <Filter>include</Filter>
    </ClInclude>
    <ClInclude Include="..\..\include\EventManager.h">
      <Filter>include</Filter>
    </ClInclude>
    <ClInclude Include="..\..\include\TimeInfo.h">
      <Filter>include</Filter>
    </ClInclude>
  </ItemGroup>
  <ItemGroup>
    <ClCompile Include="..\..\src\Renderer.cpp">
      <Filter>src</Filter>
    </ClCompile>
    <ClCompile Include="..\..\src\Window.cpp">
      <Filter>src</Filter>
    </ClCompile>
    <ClCompile Include="..\..\src\SimpleMath.cpp">
      <Filter>src</Filter>
    </ClCompile>
    <ClCompile Include="..\..\src\Settings.cpp">
      <Filter>src</Filter>
    </ClCompile>
    <ClCompile Include="..\..\src\onut.cpp">
      <Filter>src</Filter>
    </ClCompile>
    <ClCompile Include="..\..\src\StringUtils.cpp">
      <Filter>src</Filter>
    </ClCompile>
    <ClCompile Include="..\..\src\LodePNG.cpp">
      <Filter>src</Filter>
    </ClCompile>
    <ClCompile Include="..\..\src\Texture.cpp">
      <Filter>src</Filter>
    </ClCompile>
    <ClCompile Include="..\..\src\SpriteBatch.cpp">
      <Filter>src</Filter>
    </ClCompile>
    <ClCompile Include="..\..\src\Random.cpp">
      <Filter>src</Filter>
    </ClCompile>
    <ClCompile Include="..\..\src\BMFont.cpp">
      <Filter>src</Filter>
    </ClCompile>
    <ClCompile Include="..\..\src\GamePad.cpp">
      <Filter>src</Filter>
    </ClCompile>
    <ClCompile Include="..\..\src\EventManager.cpp">
      <Filter>src</Filter>
    </ClCompile>
    <ClCompile Include="..\..\src\TimeInfo.cpp">
      <Filter>src</Filter>
    </ClCompile>
  </ItemGroup>
  <ItemGroup>
    <Filter Include="include">
      <UniqueIdentifier>{88933ea7-d6b7-4f5d-b3f9-73a4224ab68d}</UniqueIdentifier>
    </Filter>
    <Filter Include="src">
      <UniqueIdentifier>{f147408f-9c92-4c54-bcfd-bd3c26c0fc93}</UniqueIdentifier>
    </Filter>
    <Filter Include="src\shaders">
      <UniqueIdentifier>{c06ade93-9118-49de-bba1-fb9abed7757a}</UniqueIdentifier>
    </Filter>
  </ItemGroup>
  <ItemGroup>
    <FxCompile Include="..\..\src\2dps.hlsl">
      <Filter>src\shaders</Filter>
    </FxCompile>
    <FxCompile Include="..\..\src\2dvs.hlsl">
      <Filter>src\shaders</Filter>
    </FxCompile>
  </ItemGroup>
</Project>