<?xml version="1.0" encoding="utf-8"?>
<Project ToolsVersion="4.0" xmlns="http://schemas.microsoft.com/developer/msbuild/2003">
  <ItemGroup>
    <ClCompile Include="..\..\src\main.cpp" />
    <ClCompile Include="..\..\src\styles.cpp" />
    <ClCompile Include="..\..\src\events.cpp" />
    <ClCompile Include="..\..\src\viewStyles.cpp" />
    <ClCompile Include="..\..\src\DocumentView.cpp" />
    <ClCompile Include="..\..\src\menu.cpp" />
  </ItemGroup>
  <ItemGroup>
    <ClInclude Include="..\..\src\styles.h" />
    <ClInclude Include="..\..\src\events.h" />
    <ClInclude Include="..\..\src\viewStyles.h" />
    <ClInclude Include="..\..\src\DocumentView.h" />
    <ClInclude Include="..\..\src\menu.h" />
  </ItemGroup>
</Project>