<?xml version="1.0" encoding="utf-8"?>
<Project ToolsVersion="4.0" xmlns="http://schemas.microsoft.com/developer/msbuild/2003">
  <ItemGroup>
    <ClCompile Include="..\..\src\DungeonSample.cpp" />
    <ClCompile Include="..\..\src\Controllable.cpp">
      <Filter>Components</Filter>
    </ClCompile>
    <ClCompile Include="..\..\src\DoorTraverser.cpp">
      <Filter>Components</Filter>
    </ClCompile>
    <ClCompile Include="..\..\src\SmartRoomCamera.cpp">
      <Filter>Components</Filter>
    </ClCompile>
    <ClCompile Include="..\..\src\Door.cpp">
      <Filter>Components</Filter>
    </ClCompile>
    <ClCompile Include="..\..\src\Chest.cpp">
      <Filter>Components</Filter>
    </ClCompile>
    <ClCompile Include="..\..\src\TreasureHunter.cpp">
      <Filter>Components</Filter>
    </ClCompile>
    <ClCompile Include="..\..\src\Guard.cpp">
      <Filter>Components</Filter>
    </ClCompile>
    <ClCompile Include="..\..\src\Vase.cpp">
      <Filter>Components</Filter>
    </ClCompile>
    <ClCompile Include="..\..\src\Damager.cpp">
      <Filter>Components</Filter>
    </ClCompile>
  </ItemGroup>
  <ItemGroup>
    <ClInclude Include="..\..\src\Controllable.h">
      <Filter>Components</Filter>
    </ClInclude>
    <ClInclude Include="..\..\src\DoorTraverser.h">
      <Filter>Components</Filter>
    </ClInclude>
    <ClInclude Include="..\..\src\SmartRoomCamera.h">
      <Filter>Components</Filter>
    </ClInclude>
    <ClInclude Include="..\..\src\Door.h">
      <Filter>Components</Filter>
    </ClInclude>
    <ClInclude Include="..\..\src\Defines.h" />
    <ClInclude Include="..\..\src\Chest.h">
      <Filter>Components</Filter>
    </ClInclude>
    <ClInclude Include="..\..\src\TreasureHunter.h">
      <Filter>Components</Filter>
    </ClInclude>
    <ClInclude Include="..\..\src\Guard.h">
      <Filter>Components</Filter>
    </ClInclude>
    <ClInclude Include="..\..\src\Vase.h">
      <Filter>Components</Filter>
    </ClInclude>
    <ClInclude Include="..\..\src\Damager.h">
      <Filter>Components</Filter>
    </ClInclude>
  </ItemGroup>
  <ItemGroup>
    <Filter Include="Components">
      <UniqueIdentifier>{24c5848e-53f7-4ed1-985a-948bca152c95}</UniqueIdentifier>
    </Filter>
  </ItemGroup>
</Project>