<?xml version="1.0" encoding="utf-8"?>
<Project ToolsVersion="4.0" xmlns="http://schemas.microsoft.com/developer/msbuild/2003">
  <ItemGroup>
    <Filter Include="shaders">
      <UniqueIdentifier>{da56fb07-0ef4-41c2-88bb-7751f5fdddae}</UniqueIdentifier>
    </Filter>
  </ItemGroup>
  <ItemGroup>
    <None Include="..\..\assets\shaders\sample.ps">
      <Filter>shaders</Filter>
    </None>
    <None Include="..\..\assets\shaders\sample.vs">
      <Filter>shaders</Filter>
    </None>
    <None Include="..\..\assets\scripts\ShaderSample.js" />
  </ItemGroup>
  <ItemGroup>
    <ClCompile Include="..\..\..\common.cpp" />
  </ItemGroup>
</Project>