
Microsoft Visual Studio Solution File, Format Version 12.00
# Visual Studio 2013
VisualStudioVersion = 12.0.31101.0
MinimumVisualStudioVersion = 10.0.40219.1
Project("{8BC9CEB8-8B4A-11D0-8D11-00A0C91BC942}") = "Particles", "Particles\project\win\Particles.vcxproj", "{949E5B14-195A-4AB4-990C-F1574F5055AE}"
EndProject
Project("{8BC9CEB8-8B4A-11D0-8D11-00A0C91BC942}") = "onut", "..\project\win\onut.vcxproj", "{5A0E49D2-55F1-4AB5-94F6-D19F308ECC46}"
EndProject
Project("{2150E333-8FDC-42A3-9474-1A3956D46DE8}") = "Samples", "Samples", "{EA1213E7-4804-4594-A944-35D5A4117E51}"
EndProject
Project("{8BC9CEB8-8B4A-11D0-8D11-00A0C91BC942}") = "Text", "Text\project\win\Text.vcxproj", "{EC9B18E3-D1DA-43BF-AF00-05272898CB46}"
EndProject
Project("{8BC9CEB8-8B4A-11D0-8D11-00A0C91BC942}") = "Sounds", "Sounds\project\win\Sounds.vcxproj", "{1BFD83C8-5DCC-4A8B-B175-8D7A5941ED4E}"
EndProject
Project("{8BC9CEB8-8B4A-11D0-8D11-00A0C91BC942}") = "Sprites", "Sprites\project\win\Sprites.vcxproj", "{D33D3D2D-CD39-4E82-8D40-51CB51BB697A}"
EndProject
Project("{8BC9CEB8-8B4A-11D0-8D11-00A0C91BC942}") = "Animations", "Animations\project\win\Animations.vcxproj", "{BC461FBF-EEEB-43CD-AA86-89C0D9539D14}"
EndProject
Project("{8BC9CEB8-8B4A-11D0-8D11-00A0C91BC942}") = "Http", "Http\project\win\Http.vcxproj", "{BEC8668C-3C8E-4CE8-9AD0-02CE73717AAA}"
EndProject
Project("{8BC9CEB8-8B4A-11D0-8D11-00A0C91BC942}") = "UI", "UI\project\win\UI.vcxproj", "{AE478531-04E1-4F5A-B46D-B13AA02BECEC}"
EndProject
Project("{8BC9CEB8-8B4A-11D0-8D11-00A0C91BC942}") = "UIFromCode", "UIFromCode\project\win\UIFromCode.vcxproj", "{2185242E-6588-4BD2-B8C9-68206F93FEAE}"
EndProject
Project("{8BC9CEB8-8B4A-11D0-8D11-00A0C91BC942}") = "Primitives", "Primitives\project\win\Primitives.vcxproj", "{605ED1FB-4DCF-4FD1-B878-B61074095B49}"
EndProject
Project("{8BC9CEB8-8B4A-11D0-8D11-00A0C91BC942}") = "TiledMap", "TiledMap\project\win\TiledMap.vcxproj", "{551945DC-A5E8-4969-8258-97AF05963411}"
EndProject
Project("{8BC9CEB8-8B4A-11D0-8D11-00A0C91BC942}") = "GamePads", "GamePads\project\win\GamePads.vcxproj", "{92B454B7-4DB0-4694-9F49-EB8167D3CEDF}"
EndProject
Project("{8BC9CEB8-8B4A-11D0-8D11-00A0C91BC942}") = "Textures", "Textures\project\win\Textures.vcxproj", "{8EB57E79-9EDD-4ABC-9D33-0CD7763B54CC}"
EndProject
Project("{8BC9CEB8-8B4A-11D0-8D11-00A0C91BC942}") = "Effects", "Effects\project\win\Effects.vcxproj", "{AE6059C9-BBEA-4B18-B742-07E33F93ADF6}"
EndProject
Project("{8BC9CEB8-8B4A-11D0-8D11-00A0C91BC942}") = "SpriteFrames", "SpriteFrames\project\win\SpriteFrames.vcxproj", "{99F7BC4D-ED9C-4A43-AA1C-DBF2C0810DD2}"
EndProject
Project("{8BC9CEB8-8B4A-11D0-8D11-00A0C91BC942}") = "VideoPlayer", "VideoPlayer\project\win\VideoPlayer.vcxproj", "{931FFF90-F473-40AD-981C-F5E605A20F5E}"
EndProject
Project("{8BC9CEB8-8B4A-11D0-8D11-00A0C91BC942}") = "Navigation", "Navigation\project\win\Navigation.vcxproj", "{258D8040-8AFB-4456-87A1-5CC819B0F6FE}"
EndProject
Project("{8BC9CEB8-8B4A-11D0-8D11-00A0C91BC942}") = "AsyncLoading", "AsyncLoading\project\win\AsyncLoading.vcxproj", "{AD4E263E-D44A-4508-A91C-AED463F95259}"
EndProject
Project("{8BC9CEB8-8B4A-11D0-8D11-00A0C91BC942}") = "Crypto", "Crypto\project\win\Crypto.vcxproj", "{C4BC0D78-EEDC-4329-A1A4-692D1C21FB05}"
EndProject
Project("{8BC9CEB8-8B4A-11D0-8D11-00A0C91BC942}") = "UndoRedo", "UndoRedo\project\win\UndoRedo.vcxproj", "{DC59BD52-1741-451D-A05B-9A0C4F4CDB88}"
EndProject
Project("{8BC9CEB8-8B4A-11D0-8D11-00A0C91BC942}") = "Empty", "Empty\project\win\Empty.vcxproj", "{967BBF3E-F7E6-4078-AD6B-9EB61AF247AB}"
EndProject
Project("{8BC9CEB8-8B4A-11D0-8D11-00A0C91BC942}") = "Cloud", "Cloud\project\win\Cloud.vcxproj", "{B0C6E918-3ABE-460B-909A-0BE9FFA59AB0}"
EndProject
Project("{8BC9CEB8-8B4A-11D0-8D11-00A0C91BC942}") = "CustomMesh", "CustomMesh\project\win\CustomMesh.vcxproj", "{AC89F786-9E13-406F-9575-75E3D73F94DC}"
EndProject
Global
	GlobalSection(SolutionConfigurationPlatforms) = preSolution
		Debug|Win32 = Debug|Win32
		Release|Win32 = Release|Win32
	EndGlobalSection
	GlobalSection(ProjectConfigurationPlatforms) = postSolution
		{949E5B14-195A-4AB4-990C-F1574F5055AE}.Debug|Win32.ActiveCfg = Debug|Win32
		{949E5B14-195A-4AB4-990C-F1574F5055AE}.Debug|Win32.Build.0 = Debug|Win32
		{949E5B14-195A-4AB4-990C-F1574F5055AE}.Release|Win32.ActiveCfg = Release|Win32
		{949E5B14-195A-4AB4-990C-F1574F5055AE}.Release|Win32.Build.0 = Release|Win32
		{5A0E49D2-55F1-4AB5-94F6-D19F308ECC46}.Debug|Win32.ActiveCfg = Debug|Win32
		{5A0E49D2-55F1-4AB5-94F6-D19F308ECC46}.Debug|Win32.Build.0 = Debug|Win32
		{5A0E49D2-55F1-4AB5-94F6-D19F308ECC46}.Release|Win32.ActiveCfg = Release|Win32
		{5A0E49D2-55F1-4AB5-94F6-D19F308ECC46}.Release|Win32.Build.0 = Release|Win32
		{EC9B18E3-D1DA-43BF-AF00-05272898CB46}.Debug|Win32.ActiveCfg = Debug|Win32
		{EC9B18E3-D1DA-43BF-AF00-05272898CB46}.Debug|Win32.Build.0 = Debug|Win32
		{EC9B18E3-D1DA-43BF-AF00-05272898CB46}.Release|Win32.ActiveCfg = Release|Win32
		{EC9B18E3-D1DA-43BF-AF00-05272898CB46}.Release|Win32.Build.0 = Release|Win32
		{1BFD83C8-5DCC-4A8B-B175-8D7A5941ED4E}.Debug|Win32.ActiveCfg = Debug|Win32
		{1BFD83C8-5DCC-4A8B-B175-8D7A5941ED4E}.Debug|Win32.Build.0 = Debug|Win32
		{1BFD83C8-5DCC-4A8B-B175-8D7A5941ED4E}.Release|Win32.ActiveCfg = Release|Win32
		{1BFD83C8-5DCC-4A8B-B175-8D7A5941ED4E}.Release|Win32.Build.0 = Release|Win32
		{D33D3D2D-CD39-4E82-8D40-51CB51BB697A}.Debug|Win32.ActiveCfg = Debug|Win32
		{D33D3D2D-CD39-4E82-8D40-51CB51BB697A}.Debug|Win32.Build.0 = Debug|Win32
		{D33D3D2D-CD39-4E82-8D40-51CB51BB697A}.Release|Win32.ActiveCfg = Release|Win32
		{D33D3D2D-CD39-4E82-8D40-51CB51BB697A}.Release|Win32.Build.0 = Release|Win32
		{BC461FBF-EEEB-43CD-AA86-89C0D9539D14}.Debug|Win32.ActiveCfg = Debug|Win32
		{BC461FBF-EEEB-43CD-AA86-89C0D9539D14}.Debug|Win32.Build.0 = Debug|Win32
		{BC461FBF-EEEB-43CD-AA86-89C0D9539D14}.Release|Win32.ActiveCfg = Release|Win32
		{BC461FBF-EEEB-43CD-AA86-89C0D9539D14}.Release|Win32.Build.0 = Release|Win32
		{BEC8668C-3C8E-4CE8-9AD0-02CE73717AAA}.Debug|Win32.ActiveCfg = Debug|Win32
		{BEC8668C-3C8E-4CE8-9AD0-02CE73717AAA}.Debug|Win32.Build.0 = Debug|Win32
		{BEC8668C-3C8E-4CE8-9AD0-02CE73717AAA}.Release|Win32.ActiveCfg = Release|Win32
		{BEC8668C-3C8E-4CE8-9AD0-02CE73717AAA}.Release|Win32.Build.0 = Release|Win32
		{AE478531-04E1-4F5A-B46D-B13AA02BECEC}.Debug|Win32.ActiveCfg = Debug|Win32
		{AE478531-04E1-4F5A-B46D-B13AA02BECEC}.Debug|Win32.Build.0 = Debug|Win32
		{AE478531-04E1-4F5A-B46D-B13AA02BECEC}.Release|Win32.ActiveCfg = Release|Win32
		{AE478531-04E1-4F5A-B46D-B13AA02BECEC}.Release|Win32.Build.0 = Release|Win32
		{2185242E-6588-4BD2-B8C9-68206F93FEAE}.Debug|Win32.ActiveCfg = Debug|Win32
		{2185242E-6588-4BD2-B8C9-68206F93FEAE}.Debug|Win32.Build.0 = Debug|Win32
		{2185242E-6588-4BD2-B8C9-68206F93FEAE}.Release|Win32.ActiveCfg = Release|Win32
		{2185242E-6588-4BD2-B8C9-68206F93FEAE}.Release|Win32.Build.0 = Release|Win32
		{605ED1FB-4DCF-4FD1-B878-B61074095B49}.Debug|Win32.ActiveCfg = Debug|Win32
		{605ED1FB-4DCF-4FD1-B878-B61074095B49}.Debug|Win32.Build.0 = Debug|Win32
		{605ED1FB-4DCF-4FD1-B878-B61074095B49}.Release|Win32.ActiveCfg = Release|Win32
		{605ED1FB-4DCF-4FD1-B878-B61074095B49}.Release|Win32.Build.0 = Release|Win32
		{551945DC-A5E8-4969-8258-97AF05963411}.Debug|Win32.ActiveCfg = Debug|Win32
		{551945DC-A5E8-4969-8258-97AF05963411}.Debug|Win32.Build.0 = Debug|Win32
		{551945DC-A5E8-4969-8258-97AF05963411}.Release|Win32.ActiveCfg = Release|Win32
		{551945DC-A5E8-4969-8258-97AF05963411}.Release|Win32.Build.0 = Release|Win32
		{92B454B7-4DB0-4694-9F49-EB8167D3CEDF}.Debug|Win32.ActiveCfg = Debug|Win32
		{92B454B7-4DB0-4694-9F49-EB8167D3CEDF}.Debug|Win32.Build.0 = Debug|Win32
		{92B454B7-4DB0-4694-9F49-EB8167D3CEDF}.Release|Win32.ActiveCfg = Release|Win32
		{92B454B7-4DB0-4694-9F49-EB8167D3CEDF}.Release|Win32.Build.0 = Release|Win32
		{8EB57E79-9EDD-4ABC-9D33-0CD7763B54CC}.Debug|Win32.ActiveCfg = Debug|Win32
		{8EB57E79-9EDD-4ABC-9D33-0CD7763B54CC}.Debug|Win32.Build.0 = Debug|Win32
		{8EB57E79-9EDD-4ABC-9D33-0CD7763B54CC}.Release|Win32.ActiveCfg = Release|Win32
		{8EB57E79-9EDD-4ABC-9D33-0CD7763B54CC}.Release|Win32.Build.0 = Release|Win32
		{AE6059C9-BBEA-4B18-B742-07E33F93ADF6}.Debug|Win32.ActiveCfg = Debug|Win32
		{AE6059C9-BBEA-4B18-B742-07E33F93ADF6}.Debug|Win32.Build.0 = Debug|Win32
		{AE6059C9-BBEA-4B18-B742-07E33F93ADF6}.Release|Win32.ActiveCfg = Release|Win32
		{AE6059C9-BBEA-4B18-B742-07E33F93ADF6}.Release|Win32.Build.0 = Release|Win32
		{99F7BC4D-ED9C-4A43-AA1C-DBF2C0810DD2}.Debug|Win32.ActiveCfg = Debug|Win32
		{99F7BC4D-ED9C-4A43-AA1C-DBF2C0810DD2}.Debug|Win32.Build.0 = Debug|Win32
		{99F7BC4D-ED9C-4A43-AA1C-DBF2C0810DD2}.Release|Win32.ActiveCfg = Release|Win32
		{99F7BC4D-ED9C-4A43-AA1C-DBF2C0810DD2}.Release|Win32.Build.0 = Release|Win32
		{931FFF90-F473-40AD-981C-F5E605A20F5E}.Debug|Win32.ActiveCfg = Debug|Win32
		{931FFF90-F473-40AD-981C-F5E605A20F5E}.Debug|Win32.Build.0 = Debug|Win32
		{931FFF90-F473-40AD-981C-F5E605A20F5E}.Release|Win32.ActiveCfg = Release|Win32
		{931FFF90-F473-40AD-981C-F5E605A20F5E}.Release|Win32.Build.0 = Release|Win32
		{258D8040-8AFB-4456-87A1-5CC819B0F6FE}.Debug|Win32.ActiveCfg = Debug|Win32
		{258D8040-8AFB-4456-87A1-5CC819B0F6FE}.Debug|Win32.Build.0 = Debug|Win32
		{258D8040-8AFB-4456-87A1-5CC819B0F6FE}.Release|Win32.ActiveCfg = Release|Win32
		{258D8040-8AFB-4456-87A1-5CC819B0F6FE}.Release|Win32.Build.0 = Release|Win32
		{AD4E263E-D44A-4508-A91C-AED463F95259}.Debug|Win32.ActiveCfg = Debug|Win32
		{AD4E263E-D44A-4508-A91C-AED463F95259}.Debug|Win32.Build.0 = Debug|Win32
		{AD4E263E-D44A-4508-A91C-AED463F95259}.Release|Win32.ActiveCfg = Release|Win32
		{AD4E263E-D44A-4508-A91C-AED463F95259}.Release|Win32.Build.0 = Release|Win32
		{C4BC0D78-EEDC-4329-A1A4-692D1C21FB05}.Debug|Win32.ActiveCfg = Debug|Win32
		{C4BC0D78-EEDC-4329-A1A4-692D1C21FB05}.Debug|Win32.Build.0 = Debug|Win32
		{C4BC0D78-EEDC-4329-A1A4-692D1C21FB05}.Release|Win32.ActiveCfg = Release|Win32
		{C4BC0D78-EEDC-4329-A1A4-692D1C21FB05}.Release|Win32.Build.0 = Release|Win32
		{DC59BD52-1741-451D-A05B-9A0C4F4CDB88}.Debug|Win32.ActiveCfg = Debug|Win32
		{DC59BD52-1741-451D-A05B-9A0C4F4CDB88}.Debug|Win32.Build.0 = Debug|Win32
		{DC59BD52-1741-451D-A05B-9A0C4F4CDB88}.Release|Win32.ActiveCfg = Release|Win32
		{DC59BD52-1741-451D-A05B-9A0C4F4CDB88}.Release|Win32.Build.0 = Release|Win32
		{967BBF3E-F7E6-4078-AD6B-9EB61AF247AB}.Debug|Win32.ActiveCfg = Debug|Win32
		{967BBF3E-F7E6-4078-AD6B-9EB61AF247AB}.Debug|Win32.Build.0 = Debug|Win32
		{967BBF3E-F7E6-4078-AD6B-9EB61AF247AB}.Release|Win32.ActiveCfg = Release|Win32
		{967BBF3E-F7E6-4078-AD6B-9EB61AF247AB}.Release|Win32.Build.0 = Release|Win32
		{B0C6E918-3ABE-460B-909A-0BE9FFA59AB0}.Debug|Win32.ActiveCfg = Debug|Win32
		{B0C6E918-3ABE-460B-909A-0BE9FFA59AB0}.Debug|Win32.Build.0 = Debug|Win32
		{B0C6E918-3ABE-460B-909A-0BE9FFA59AB0}.Release|Win32.ActiveCfg = Release|Win32
		{B0C6E918-3ABE-460B-909A-0BE9FFA59AB0}.Release|Win32.Build.0 = Release|Win32
		{AC89F786-9E13-406F-9575-75E3D73F94DC}.Debug|Win32.ActiveCfg = Debug|Win32
		{AC89F786-9E13-406F-9575-75E3D73F94DC}.Debug|Win32.Build.0 = Debug|Win32
		{AC89F786-9E13-406F-9575-75E3D73F94DC}.Release|Win32.ActiveCfg = Release|Win32
		{AC89F786-9E13-406F-9575-75E3D73F94DC}.Release|Win32.Build.0 = Release|Win32
	EndGlobalSection
	GlobalSection(SolutionProperties) = preSolution
		HideSolutionNode = FALSE
	EndGlobalSection
	GlobalSection(NestedProjects) = preSolution
		{949E5B14-195A-4AB4-990C-F1574F5055AE} = {EA1213E7-4804-4594-A944-35D5A4117E51}
		{EC9B18E3-D1DA-43BF-AF00-05272898CB46} = {EA1213E7-4804-4594-A944-35D5A4117E51}
		{1BFD83C8-5DCC-4A8B-B175-8D7A5941ED4E} = {EA1213E7-4804-4594-A944-35D5A4117E51}
		{D33D3D2D-CD39-4E82-8D40-51CB51BB697A} = {EA1213E7-4804-4594-A944-35D5A4117E51}
		{BC461FBF-EEEB-43CD-AA86-89C0D9539D14} = {EA1213E7-4804-4594-A944-35D5A4117E51}
		{BEC8668C-3C8E-4CE8-9AD0-02CE73717AAA} = {EA1213E7-4804-4594-A944-35D5A4117E51}
		{AE478531-04E1-4F5A-B46D-B13AA02BECEC} = {EA1213E7-4804-4594-A944-35D5A4117E51}
		{2185242E-6588-4BD2-B8C9-68206F93FEAE} = {EA1213E7-4804-4594-A944-35D5A4117E51}
		{605ED1FB-4DCF-4FD1-B878-B61074095B49} = {EA1213E7-4804-4594-A944-35D5A4117E51}
		{551945DC-A5E8-4969-8258-97AF05963411} = {EA1213E7-4804-4594-A944-35D5A4117E51}
		{92B454B7-4DB0-4694-9F49-EB8167D3CEDF} = {EA1213E7-4804-4594-A944-35D5A4117E51}
		{8EB57E79-9EDD-4ABC-9D33-0CD7763B54CC} = {EA1213E7-4804-4594-A944-35D5A4117E51}
		{AE6059C9-BBEA-4B18-B742-07E33F93ADF6} = {EA1213E7-4804-4594-A944-35D5A4117E51}
		{99F7BC4D-ED9C-4A43-AA1C-DBF2C0810DD2} = {EA1213E7-4804-4594-A944-35D5A4117E51}
		{931FFF90-F473-40AD-981C-F5E605A20F5E} = {EA1213E7-4804-4594-A944-35D5A4117E51}
		{258D8040-8AFB-4456-87A1-5CC819B0F6FE} = {EA1213E7-4804-4594-A944-35D5A4117E51}
		{AD4E263E-D44A-4508-A91C-AED463F95259} = {EA1213E7-4804-4594-A944-35D5A4117E51}
		{C4BC0D78-EEDC-4329-A1A4-692D1C21FB05} = {EA1213E7-4804-4594-A944-35D5A4117E51}
		{DC59BD52-1741-451D-A05B-9A0C4F4CDB88} = {EA1213E7-4804-4594-A944-35D5A4117E51}
		{967BBF3E-F7E6-4078-AD6B-9EB61AF247AB} = {EA1213E7-4804-4594-A944-35D5A4117E51}
		{B0C6E918-3ABE-460B-909A-0BE9FFA59AB0} = {EA1213E7-4804-4594-A944-35D5A4117E51}
		{AC89F786-9E13-406F-9575-75E3D73F94DC} = {EA1213E7-4804-4594-A944-35D5A4117E51}
	EndGlobalSection
EndGlobal
