
Microsoft Visual Studio Solution File, Format Version 12.00
# Visual Studio 2013
VisualStudioVersion = 12.0.31101.0
MinimumVisualStudioVersion = 10.0.40219.1
Project("{8BC9CEB8-8B4A-11D0-8D11-00A0C91BC942}") = "Particles", "Particles\project\win\Particles.vcxproj", "{949E5B14-195A-4AB4-990C-F1574F5055AE}"
EndProject
Project("{8BC9CEB8-8B4A-11D0-8D11-00A0C91BC942}") = "onut", "..\project\win\onut.vcxproj", "{5A0E49D2-55F1-4AB5-94F6-D19F308ECC46}"
EndProject
Project("{2150E333-8FDC-42A3-9474-1A3956D46DE8}") = "Samples", "Samples", "{EA1213E7-4804-4594-A944-35D5A4117E51}"
EndProject
Project("{8BC9CEB8-8B4A-11D0-8D11-00A0C91BC942}") = "Text", "Text\project\win\Text.vcxproj", "{EC9B18E3-D1DA-43BF-AF00-05272898CB46}"
EndProject
Project("{8BC9CEB8-8B4A-11D0-8D11-00A0C91BC942}") = "Sounds", "Sounds\project\win\Sounds.vcxproj", "{1BFD83C8-5DCC-4A8B-B175-8D7A5941ED4E}"
EndProject
Global
	GlobalSection(SolutionConfigurationPlatforms) = preSolution
		Debug|Win32 = Debug|Win32
		Release|Win32 = Release|Win32
	EndGlobalSection
	GlobalSection(ProjectConfigurationPlatforms) = postSolution
		{949E5B14-195A-4AB4-990C-F1574F5055AE}.Debug|Win32.ActiveCfg = Debug|Win32
		{949E5B14-195A-4AB4-990C-F1574F5055AE}.Debug|Win32.Build.0 = Debug|Win32
		{949E5B14-195A-4AB4-990C-F1574F5055AE}.Release|Win32.ActiveCfg = Release|Win32
		{949E5B14-195A-4AB4-990C-F1574F5055AE}.Release|Win32.Build.0 = Release|Win32
		{5A0E49D2-55F1-4AB5-94F6-D19F308ECC46}.Debug|Win32.ActiveCfg = Debug|Win32
		{5A0E49D2-55F1-4AB5-94F6-D19F308ECC46}.Debug|Win32.Build.0 = Debug|Win32
		{5A0E49D2-55F1-4AB5-94F6-D19F308ECC46}.Release|Win32.ActiveCfg = Release|Win32
		{5A0E49D2-55F1-4AB5-94F6-D19F308ECC46}.Release|Win32.Build.0 = Release|Win32
		{EC9B18E3-D1DA-43BF-AF00-05272898CB46}.Debug|Win32.ActiveCfg = Debug|Win32
		{EC9B18E3-D1DA-43BF-AF00-05272898CB46}.Debug|Win32.Build.0 = Debug|Win32
		{EC9B18E3-D1DA-43BF-AF00-05272898CB46}.Release|Win32.ActiveCfg = Release|Win32
		{EC9B18E3-D1DA-43BF-AF00-05272898CB46}.Release|Win32.Build.0 = Release|Win32
		{1BFD83C8-5DCC-4A8B-B175-8D7A5941ED4E}.Debug|Win32.ActiveCfg = Debug|Win32
		{1BFD83C8-5DCC-4A8B-B175-8D7A5941ED4E}.Debug|Win32.Build.0 = Debug|Win32
		{1BFD83C8-5DCC-4A8B-B175-8D7A5941ED4E}.Release|Win32.ActiveCfg = Release|Win32
		{1BFD83C8-5DCC-4A8B-B175-8D7A5941ED4E}.Release|Win32.Build.0 = Release|Win32
	EndGlobalSection
	GlobalSection(SolutionProperties) = preSolution
		HideSolutionNode = FALSE
	EndGlobalSection
	GlobalSection(NestedProjects) = preSolution
		{949E5B14-195A-4AB4-990C-F1574F5055AE} = {EA1213E7-4804-4594-A944-35D5A4117E51}
		{EC9B18E3-D1DA-43BF-AF00-05272898CB46} = {EA1213E7-4804-4594-A944-35D5A4117E51}
		{1BFD83C8-5DCC-4A8B-B175-8D7A5941ED4E} = {EA1213E7-4804-4594-A944-35D5A4117E51}
	EndGlobalSection
EndGlobal
